
Microsoft Visual Studio Solution File, Format Version 12.00
# Visual Studio Version 16
VisualStudioVersion = 16.0.33423.256
MinimumVisualStudioVersion = 10.0.40219.1
Project("{6870E480-7721-4708-BFB8-9AE898AA21B3}") = "MaintranceJob_SSISExecution", "MaintranceJob_SSISExecution\MaintranceJob_SSISExecution.smproj", "{8CE414BB-95B2-4C99-9E03-51BA72086E22}"
EndProject
Project("{6870E480-7721-4708-BFB8-9AE898AA21B3}") = "MaintranceBackup_Backupset", "MaintranceBackup_Backupset\MaintranceBackup_Backupset.smproj", "{4F9E9B0C-C845-4315-AEDE-83959A5DA568}"
EndProject
Project("{6870E480-7721-4708-BFB8-9AE898AA21B3}") = "MaintranceBackup_RestoreHistory", "MaintranceBackup_RestoreHistory\MaintranceBackup_RestoreHistory.smproj", "{428EF282-CE6C-496F-87F7-7D9DF95F1448}"
EndProject
Project("{6870E480-7721-4708-BFB8-9AE898AA21B3}") = "MaintranceReplication_DistributionAgent", "MaintranceReplication_DistributionAgent\MaintranceReplication_DistributionAgent.smproj", "{75A8757A-997C-488C-BD4D-294FA87C6ED7}"
EndProject
Project("{6870E480-7721-4708-BFB8-9AE898AA21B3}") = "MaintranceJob_JobActivity", "MaintranceJob_JobActivity\MaintranceJob_JobActivity.smproj", "{A3A211B0-CB44-42D9-8BA8-F8EA0249A8A4}"
EndProject
Project("{6870E480-7721-4708-BFB8-9AE898AA21B3}") = "MaintranceInstance_Alwayson", "MaintranceInstance_Alwayson\MaintranceInstance_Alwayson.smproj", "{97C1C96C-442D-454B-A73B-05BCF82B2BE0}"
EndProject
Project("{6870E480-7721-4708-BFB8-9AE898AA21B3}") = "dbo_BranchFaildLog", "dbo_BranchFaildLog\dbo_BranchFaildLog.smproj", "{B76E5DF7-0336-4818-B9F0-5FEBDBB87943}"
EndProject
Project("{6870E480-7721-4708-BFB8-9AE898AA21B3}") = "MaintranceReplication_SubscriptionPendingCommand", "MaintranceReplication_SubscriptionPendingCommand\MaintranceReplication_SubscriptionPendingCommand.smproj", "{3499CED0-1679-4B92-8304-EC319F539D4E}"
EndProject
Project("{6870E480-7721-4708-BFB8-9AE898AA21B3}") = "MaintranceJob_JobHistory", "MaintranceJob_JobHistory\MaintranceJob_JobHistory.smproj", "{60057CA3-2619-413C-BAF8-EA4AFD53CDFC}"
EndProject
Global
	GlobalSection(SolutionConfigurationPlatforms) = preSolution
		Development|x86 = Development|x86
	EndGlobalSection
	GlobalSection(ProjectConfigurationPlatforms) = postSolution
		{8CE414BB-95B2-4C99-9E03-51BA72086E22}.Development|x86.ActiveCfg = Development|x86
		{8CE414BB-95B2-4C99-9E03-51BA72086E22}.Development|x86.Build.0 = Development|x86
		{8CE414BB-95B2-4C99-9E03-51BA72086E22}.Development|x86.Deploy.0 = Development|x86
		{4F9E9B0C-C845-4315-AEDE-83959A5DA568}.Development|x86.ActiveCfg = Development|x86
		{4F9E9B0C-C845-4315-AEDE-83959A5DA568}.Development|x86.Build.0 = Development|x86
		{4F9E9B0C-C845-4315-AEDE-83959A5DA568}.Development|x86.Deploy.0 = Development|x86
		{428EF282-CE6C-496F-87F7-7D9DF95F1448}.Development|x86.ActiveCfg = Development|x86
		{428EF282-CE6C-496F-87F7-7D9DF95F1448}.Development|x86.Build.0 = Development|x86
		{428EF282-CE6C-496F-87F7-7D9DF95F1448}.Development|x86.Deploy.0 = Development|x86
		{75A8757A-997C-488C-BD4D-294FA87C6ED7}.Development|x86.ActiveCfg = Development|x86
		{75A8757A-997C-488C-BD4D-294FA87C6ED7}.Development|x86.Build.0 = Development|x86
		{75A8757A-997C-488C-BD4D-294FA87C6ED7}.Development|x86.Deploy.0 = Development|x86
		{A3A211B0-CB44-42D9-8BA8-F8EA0249A8A4}.Development|x86.ActiveCfg = Development|x86
		{A3A211B0-CB44-42D9-8BA8-F8EA0249A8A4}.Development|x86.Build.0 = Development|x86
		{A3A211B0-CB44-42D9-8BA8-F8EA0249A8A4}.Development|x86.Deploy.0 = Development|x86
		{97C1C96C-442D-454B-A73B-05BCF82B2BE0}.Development|x86.ActiveCfg = Development|x86
		{97C1C96C-442D-454B-A73B-05BCF82B2BE0}.Development|x86.Build.0 = Development|x86
		{97C1C96C-442D-454B-A73B-05BCF82B2BE0}.Development|x86.Deploy.0 = Development|x86
		{B76E5DF7-0336-4818-B9F0-5FEBDBB87943}.Development|x86.ActiveCfg = Development|x86
		{B76E5DF7-0336-4818-B9F0-5FEBDBB87943}.Development|x86.Build.0 = Development|x86
		{B76E5DF7-0336-4818-B9F0-5FEBDBB87943}.Development|x86.Deploy.0 = Development|x86
		{3499CED0-1679-4B92-8304-EC319F539D4E}.Development|x86.ActiveCfg = Development|x86
		{3499CED0-1679-4B92-8304-EC319F539D4E}.Development|x86.Build.0 = Development|x86
		{3499CED0-1679-4B92-8304-EC319F539D4E}.Development|x86.Deploy.0 = Development|x86
		{60057CA3-2619-413C-BAF8-EA4AFD53CDFC}.Development|x86.ActiveCfg = Development|x86
		{60057CA3-2619-413C-BAF8-EA4AFD53CDFC}.Development|x86.Build.0 = Development|x86
		{60057CA3-2619-413C-BAF8-EA4AFD53CDFC}.Development|x86.Deploy.0 = Development|x86
	EndGlobalSection
	GlobalSection(SolutionProperties) = preSolution
		HideSolutionNode = FALSE
	EndGlobalSection
	GlobalSection(ExtensibilityGlobals) = postSolution
		SolutionGuid = {B1625FCA-779B-49D5-B4B8-7B1A5DADB725}
	EndGlobalSection
EndGlobal
